
Microsoft Visual Studio Solution File, Format Version 12.00
# Visual Studio Version 16
VisualStudioVersion = 16.0.31019.35
MinimumVisualStudioVersion = 10.0.40219.1
Project("{FAE04EC0-301F-11D3-BF4B-00C04F79EFBC}") = "c sharp d.1", "c sharp d.1.csproj", "{717FB395-C923-49EA-86CD-26DBB7FAB310}"
EndProject
Global
	GlobalSection(SolutionConfigurationPlatforms) = preSolution
		Debug|Any CPU = Debug|Any CPU
		Release|Any CPU = Release|Any CPU
	EndGlobalSection
	GlobalSection(ProjectConfigurationPlatforms) = postSolution
		{717FB395-C923-49EA-86CD-26DBB7FAB310}.Debug|Any CPU.ActiveCfg = Debug|Any CPU
		{717FB395-C923-49EA-86CD-26DBB7FAB310}.Debug|Any CPU.Build.0 = Debug|Any CPU
		{717FB395-C923-49EA-86CD-26DBB7FAB310}.Release|Any CPU.ActiveCfg = Release|Any CPU
		{717FB395-C923-49EA-86CD-26DBB7FAB310}.Release|Any CPU.Build.0 = Release|Any CPU
	EndGlobalSection
	GlobalSection(SolutionProperties) = preSolution
		HideSolutionNode = FALSE
	EndGlobalSection
	GlobalSection(ExtensibilityGlobals) = postSolution
		SolutionGuid = {040329F4-7CE9-495B-ABD5-C1E4CE88B2B1}
	EndGlobalSection
EndGlobal
